
Microsoft Visual Studio Solution File, Format Version 12.00
# Visual Studio Version 17
VisualStudioVersion = 17.2.32519.379
MinimumVisualStudioVersion = 10.0.40219.1
Project("{FAE04EC0-301F-11D3-BF4B-00C04F79EFBC}") = "WebApplication1", "WebApplication1\WebApplication1.csproj", "{1045AE57-4924-4926-8E9F-27F7522870D8}"
EndProject
Global
	GlobalSection(SolutionConfigurationPlatforms) = preSolution
		Debug|Any CPU = Debug|Any CPU
		Release|Any CPU = Release|Any CPU
	EndGlobalSection
	GlobalSection(ProjectConfigurationPlatforms) = postSolution
		{1045AE57-4924-4926-8E9F-27F7522870D8}.Debug|Any CPU.ActiveCfg = Debug|Any CPU
		{1045AE57-4924-4926-8E9F-27F7522870D8}.Debug|Any CPU.Build.0 = Debug|Any CPU
		{1045AE57-4924-4926-8E9F-27F7522870D8}.Release|Any CPU.ActiveCfg = Release|Any CPU
		{1045AE57-4924-4926-8E9F-27F7522870D8}.Release|Any CPU.Build.0 = Release|Any CPU
	EndGlobalSection
	GlobalSection(SolutionProperties) = preSolution
		HideSolutionNode = FALSE
	EndGlobalSection
	GlobalSection(ExtensibilityGlobals) = postSolution
		SolutionGuid = {C3034673-69B4-412E-B2C6-2E2F9D3CBE7F}
	EndGlobalSection
EndGlobal
